
Microsoft Visual Studio Solution File, Format Version 12.00
# Visual Studio 15
VisualStudioVersion = 15.0.26430.13
MinimumVisualStudioVersion = 10.0.40219.1
Project("{FAE04EC0-301F-11D3-BF4B-00C04F79EFBC}") = "JTControlSystem", "JTControlSystem\JTControlSystem.csproj", "{687FC768-AD47-4A82-AEA7-B1006C01576F}"
EndProject
Project("{FAE04EC0-301F-11D3-BF4B-00C04F79EFBC}") = "MicroLibraryDemo", "MicroLibraryDemo\MicroLibraryDemo.csproj", "{6BEF2DA1-0B43-4573-963A-3693970BC99F}"
EndProject
Project("{FAE04EC0-301F-11D3-BF4B-00C04F79EFBC}") = "SolversTest", "SolversTest\SolversTest.csproj", "{5371E81D-0075-4B26-A3F2-D17C85F5A4E5}"
EndProject
Project("{FAE04EC0-301F-11D3-BF4B-00C04F79EFBC}") = "JTMath", "JTMath\JTMath.csproj", "{7206C2B1-E7F1-42AD-A346-1D9FB933E5C2}"
EndProject
Project("{FAE04EC0-301F-11D3-BF4B-00C04F79EFBC}") = "MicroLibrary", "MicroLibrary\MicroLibrary.csproj", "{C0A0B500-A54C-4B93-9701-5433CF50BEEB}"
EndProject
Project("{FAE04EC0-301F-11D3-BF4B-00C04F79EFBC}") = "Utilities", "Utilities\Utilities.csproj", "{B2691622-3ED6-4B3A-BA35-4F6567CA09F8}"
EndProject
Project("{FAE04EC0-301F-11D3-BF4B-00C04F79EFBC}") = "JTMathTests", "JTMathTests\JTMathTests.csproj", "{898091CF-A91C-4DF0-8BFB-CB89D3342004}"
EndProject
Project("{FAE04EC0-301F-11D3-BF4B-00C04F79EFBC}") = "JTControlSystemTests", "JTControlSystemTests\JTControlSystemTests.csproj", "{BAF51BB6-49F1-4E5D-A162-A5777CAC1D77}"
EndProject
Project("{FAE04EC0-301F-11D3-BF4B-00C04F79EFBC}") = "JTControlSystemExamples", "JTControlSystemExamples\JTControlSystemExamples.csproj", "{6A2CBFAB-02C7-40C9-83EE-78DA0CBC8DBA}"
EndProject
Project("{2150E333-8FDC-42A3-9474-1A3956D46DE8}") = "SolutionItems", "SolutionItems", "{F9752ACF-A463-4B7F-A7F6-8877A3A199AB}"
	ProjectSection(SolutionItems) = preProject
		jt_icon.ico = jt_icon.ico
	EndProjectSection
EndProject
Project("{FAE04EC0-301F-11D3-BF4B-00C04F79EFBC}") = "JTControlSystemChart", "JTControlSystemChart\JTControlSystemChart.csproj", "{67240B99-9D8E-4ED3-B6DD-102D60722E28}"
EndProject
Project("{FAE04EC0-301F-11D3-BF4B-00C04F79EFBC}") = "OfflineSimulator", "OfflineSimulator\OfflineSimulator.csproj", "{F2E251C6-B493-448C-947A-2FA2F2CBD0E2}"
EndProject
Project("{FAE04EC0-301F-11D3-BF4B-00C04F79EFBC}") = "RealtimeSimulator", "RealtimeSimulator\RealtimeSimulator.csproj", "{1200698A-175E-4DA6-8228-FCAC275C905B}"
	ProjectSection(ProjectDependencies) = postProject
		{67240B99-9D8E-4ED3-B6DD-102D60722E28} = {67240B99-9D8E-4ED3-B6DD-102D60722E28}
	EndProjectSection
EndProject
Global
	GlobalSection(SolutionConfigurationPlatforms) = preSolution
		Debug|Any CPU = Debug|Any CPU
		Debug|x86 = Debug|x86
		Release|Any CPU = Release|Any CPU
		Release|x86 = Release|x86
	EndGlobalSection
	GlobalSection(ProjectConfigurationPlatforms) = postSolution
		{687FC768-AD47-4A82-AEA7-B1006C01576F}.Debug|Any CPU.ActiveCfg = Debug|Any CPU
		{687FC768-AD47-4A82-AEA7-B1006C01576F}.Debug|Any CPU.Build.0 = Debug|Any CPU
		{687FC768-AD47-4A82-AEA7-B1006C01576F}.Debug|x86.ActiveCfg = Debug|Any CPU
		{687FC768-AD47-4A82-AEA7-B1006C01576F}.Debug|x86.Build.0 = Debug|Any CPU
		{687FC768-AD47-4A82-AEA7-B1006C01576F}.Release|Any CPU.ActiveCfg = Release|Any CPU
		{687FC768-AD47-4A82-AEA7-B1006C01576F}.Release|Any CPU.Build.0 = Release|Any CPU
		{687FC768-AD47-4A82-AEA7-B1006C01576F}.Release|x86.ActiveCfg = Release|Any CPU
		{687FC768-AD47-4A82-AEA7-B1006C01576F}.Release|x86.Build.0 = Release|Any CPU
		{6BEF2DA1-0B43-4573-963A-3693970BC99F}.Debug|Any CPU.ActiveCfg = Debug|x86
		{6BEF2DA1-0B43-4573-963A-3693970BC99F}.Debug|x86.ActiveCfg = Debug|x86
		{6BEF2DA1-0B43-4573-963A-3693970BC99F}.Debug|x86.Build.0 = Debug|x86
		{6BEF2DA1-0B43-4573-963A-3693970BC99F}.Release|Any CPU.ActiveCfg = Release|x86
		{6BEF2DA1-0B43-4573-963A-3693970BC99F}.Release|x86.ActiveCfg = Release|x86
		{6BEF2DA1-0B43-4573-963A-3693970BC99F}.Release|x86.Build.0 = Release|x86
		{5371E81D-0075-4B26-A3F2-D17C85F5A4E5}.Debug|Any CPU.ActiveCfg = Debug|Any CPU
		{5371E81D-0075-4B26-A3F2-D17C85F5A4E5}.Debug|Any CPU.Build.0 = Debug|Any CPU
		{5371E81D-0075-4B26-A3F2-D17C85F5A4E5}.Debug|x86.ActiveCfg = Debug|Any CPU
		{5371E81D-0075-4B26-A3F2-D17C85F5A4E5}.Debug|x86.Build.0 = Debug|Any CPU
		{5371E81D-0075-4B26-A3F2-D17C85F5A4E5}.Release|Any CPU.ActiveCfg = Release|Any CPU
		{5371E81D-0075-4B26-A3F2-D17C85F5A4E5}.Release|Any CPU.Build.0 = Release|Any CPU
		{5371E81D-0075-4B26-A3F2-D17C85F5A4E5}.Release|x86.ActiveCfg = Release|Any CPU
		{5371E81D-0075-4B26-A3F2-D17C85F5A4E5}.Release|x86.Build.0 = Release|Any CPU
		{7206C2B1-E7F1-42AD-A346-1D9FB933E5C2}.Debug|Any CPU.ActiveCfg = Debug|Any CPU
		{7206C2B1-E7F1-42AD-A346-1D9FB933E5C2}.Debug|Any CPU.Build.0 = Debug|Any CPU
		{7206C2B1-E7F1-42AD-A346-1D9FB933E5C2}.Debug|x86.ActiveCfg = Debug|Any CPU
		{7206C2B1-E7F1-42AD-A346-1D9FB933E5C2}.Debug|x86.Build.0 = Debug|Any CPU
		{7206C2B1-E7F1-42AD-A346-1D9FB933E5C2}.Release|Any CPU.ActiveCfg = Release|Any CPU
		{7206C2B1-E7F1-42AD-A346-1D9FB933E5C2}.Release|Any CPU.Build.0 = Release|Any CPU
		{7206C2B1-E7F1-42AD-A346-1D9FB933E5C2}.Release|x86.ActiveCfg = Release|Any CPU
		{7206C2B1-E7F1-42AD-A346-1D9FB933E5C2}.Release|x86.Build.0 = Release|Any CPU
		{C0A0B500-A54C-4B93-9701-5433CF50BEEB}.Debug|Any CPU.ActiveCfg = Debug|Any CPU
		{C0A0B500-A54C-4B93-9701-5433CF50BEEB}.Debug|Any CPU.Build.0 = Debug|Any CPU
		{C0A0B500-A54C-4B93-9701-5433CF50BEEB}.Debug|x86.ActiveCfg = Debug|Any CPU
		{C0A0B500-A54C-4B93-9701-5433CF50BEEB}.Debug|x86.Build.0 = Debug|Any CPU
		{C0A0B500-A54C-4B93-9701-5433CF50BEEB}.Release|Any CPU.ActiveCfg = Release|Any CPU
		{C0A0B500-A54C-4B93-9701-5433CF50BEEB}.Release|Any CPU.Build.0 = Release|Any CPU
		{C0A0B500-A54C-4B93-9701-5433CF50BEEB}.Release|x86.ActiveCfg = Release|Any CPU
		{C0A0B500-A54C-4B93-9701-5433CF50BEEB}.Release|x86.Build.0 = Release|Any CPU
		{B2691622-3ED6-4B3A-BA35-4F6567CA09F8}.Debug|Any CPU.ActiveCfg = Debug|Any CPU
		{B2691622-3ED6-4B3A-BA35-4F6567CA09F8}.Debug|Any CPU.Build.0 = Debug|Any CPU
		{B2691622-3ED6-4B3A-BA35-4F6567CA09F8}.Debug|x86.ActiveCfg = Debug|Any CPU
		{B2691622-3ED6-4B3A-BA35-4F6567CA09F8}.Debug|x86.Build.0 = Debug|Any CPU
		{B2691622-3ED6-4B3A-BA35-4F6567CA09F8}.Release|Any CPU.ActiveCfg = Release|Any CPU
		{B2691622-3ED6-4B3A-BA35-4F6567CA09F8}.Release|Any CPU.Build.0 = Release|Any CPU
		{B2691622-3ED6-4B3A-BA35-4F6567CA09F8}.Release|x86.ActiveCfg = Release|Any CPU
		{B2691622-3ED6-4B3A-BA35-4F6567CA09F8}.Release|x86.Build.0 = Release|Any CPU
		{898091CF-A91C-4DF0-8BFB-CB89D3342004}.Debug|Any CPU.ActiveCfg = Debug|Any CPU
		{898091CF-A91C-4DF0-8BFB-CB89D3342004}.Debug|Any CPU.Build.0 = Debug|Any CPU
		{898091CF-A91C-4DF0-8BFB-CB89D3342004}.Debug|x86.ActiveCfg = Debug|Any CPU
		{898091CF-A91C-4DF0-8BFB-CB89D3342004}.Debug|x86.Build.0 = Debug|Any CPU
		{898091CF-A91C-4DF0-8BFB-CB89D3342004}.Release|Any CPU.ActiveCfg = Release|Any CPU
		{898091CF-A91C-4DF0-8BFB-CB89D3342004}.Release|Any CPU.Build.0 = Release|Any CPU
		{898091CF-A91C-4DF0-8BFB-CB89D3342004}.Release|x86.ActiveCfg = Release|Any CPU
		{898091CF-A91C-4DF0-8BFB-CB89D3342004}.Release|x86.Build.0 = Release|Any CPU
		{BAF51BB6-49F1-4E5D-A162-A5777CAC1D77}.Debug|Any CPU.ActiveCfg = Debug|Any CPU
		{BAF51BB6-49F1-4E5D-A162-A5777CAC1D77}.Debug|Any CPU.Build.0 = Debug|Any CPU
		{BAF51BB6-49F1-4E5D-A162-A5777CAC1D77}.Debug|x86.ActiveCfg = Debug|Any CPU
		{BAF51BB6-49F1-4E5D-A162-A5777CAC1D77}.Debug|x86.Build.0 = Debug|Any CPU
		{BAF51BB6-49F1-4E5D-A162-A5777CAC1D77}.Release|Any CPU.ActiveCfg = Release|Any CPU
		{BAF51BB6-49F1-4E5D-A162-A5777CAC1D77}.Release|Any CPU.Build.0 = Release|Any CPU
		{BAF51BB6-49F1-4E5D-A162-A5777CAC1D77}.Release|x86.ActiveCfg = Release|Any CPU
		{BAF51BB6-49F1-4E5D-A162-A5777CAC1D77}.Release|x86.Build.0 = Release|Any CPU
		{6A2CBFAB-02C7-40C9-83EE-78DA0CBC8DBA}.Debug|Any CPU.ActiveCfg = Debug|Any CPU
		{6A2CBFAB-02C7-40C9-83EE-78DA0CBC8DBA}.Debug|Any CPU.Build.0 = Debug|Any CPU
		{6A2CBFAB-02C7-40C9-83EE-78DA0CBC8DBA}.Debug|x86.ActiveCfg = Debug|Any CPU
		{6A2CBFAB-02C7-40C9-83EE-78DA0CBC8DBA}.Debug|x86.Build.0 = Debug|Any CPU
		{6A2CBFAB-02C7-40C9-83EE-78DA0CBC8DBA}.Release|Any CPU.ActiveCfg = Release|Any CPU
		{6A2CBFAB-02C7-40C9-83EE-78DA0CBC8DBA}.Release|Any CPU.Build.0 = Release|Any CPU
		{6A2CBFAB-02C7-40C9-83EE-78DA0CBC8DBA}.Release|x86.ActiveCfg = Release|Any CPU
		{6A2CBFAB-02C7-40C9-83EE-78DA0CBC8DBA}.Release|x86.Build.0 = Release|Any CPU
		{67240B99-9D8E-4ED3-B6DD-102D60722E28}.Debug|Any CPU.ActiveCfg = Debug|Any CPU
		{67240B99-9D8E-4ED3-B6DD-102D60722E28}.Debug|Any CPU.Build.0 = Debug|Any CPU
		{67240B99-9D8E-4ED3-B6DD-102D60722E28}.Debug|x86.ActiveCfg = Debug|Any CPU
		{67240B99-9D8E-4ED3-B6DD-102D60722E28}.Debug|x86.Build.0 = Debug|Any CPU
		{67240B99-9D8E-4ED3-B6DD-102D60722E28}.Release|Any CPU.ActiveCfg = Release|Any CPU
		{67240B99-9D8E-4ED3-B6DD-102D60722E28}.Release|Any CPU.Build.0 = Release|Any CPU
		{67240B99-9D8E-4ED3-B6DD-102D60722E28}.Release|x86.ActiveCfg = Release|Any CPU
		{67240B99-9D8E-4ED3-B6DD-102D60722E28}.Release|x86.Build.0 = Release|Any CPU
		{F2E251C6-B493-448C-947A-2FA2F2CBD0E2}.Debug|Any CPU.ActiveCfg = Debug|Any CPU
		{F2E251C6-B493-448C-947A-2FA2F2CBD0E2}.Debug|Any CPU.Build.0 = Debug|Any CPU
		{F2E251C6-B493-448C-947A-2FA2F2CBD0E2}.Debug|x86.ActiveCfg = Debug|Any CPU
		{F2E251C6-B493-448C-947A-2FA2F2CBD0E2}.Debug|x86.Build.0 = Debug|Any CPU
		{F2E251C6-B493-448C-947A-2FA2F2CBD0E2}.Release|Any CPU.ActiveCfg = Release|Any CPU
		{F2E251C6-B493-448C-947A-2FA2F2CBD0E2}.Release|Any CPU.Build.0 = Release|Any CPU
		{F2E251C6-B493-448C-947A-2FA2F2CBD0E2}.Release|x86.ActiveCfg = Release|Any CPU
		{F2E251C6-B493-448C-947A-2FA2F2CBD0E2}.Release|x86.Build.0 = Release|Any CPU
		{1200698A-175E-4DA6-8228-FCAC275C905B}.Debug|Any CPU.ActiveCfg = Debug|Any CPU
		{1200698A-175E-4DA6-8228-FCAC275C905B}.Debug|Any CPU.Build.0 = Debug|Any CPU
		{1200698A-175E-4DA6-8228-FCAC275C905B}.Debug|x86.ActiveCfg = Debug|Any CPU
		{1200698A-175E-4DA6-8228-FCAC275C905B}.Debug|x86.Build.0 = Debug|Any CPU
		{1200698A-175E-4DA6-8228-FCAC275C905B}.Release|Any CPU.ActiveCfg = Release|Any CPU
		{1200698A-175E-4DA6-8228-FCAC275C905B}.Release|Any CPU.Build.0 = Release|Any CPU
		{1200698A-175E-4DA6-8228-FCAC275C905B}.Release|x86.ActiveCfg = Release|Any CPU
		{1200698A-175E-4DA6-8228-FCAC275C905B}.Release|x86.Build.0 = Release|Any CPU
	EndGlobalSection
	GlobalSection(SolutionProperties) = preSolution
		HideSolutionNode = FALSE
	EndGlobalSection
EndGlobal
