
Microsoft Visual Studio Solution File, Format Version 12.00
# Visual Studio 14
VisualStudioVersion = 14.0.25123.0
MinimumVisualStudioVersion = 10.0.40219.1
Project("{FAE04EC0-301F-11D3-BF4B-00C04F79EFBC}") = "JTSim", "JTSim\JTSim.csproj", "{687FC768-AD47-4A82-AEA7-B1006C01576F}"
EndProject
Project("{FAE04EC0-301F-11D3-BF4B-00C04F79EFBC}") = "ControlPanel", "ControlPanel\ControlPanel.csproj", "{FDD9ADAC-ED62-494E-B91D-6D8F41A5E6BD}"
EndProject
Project("{FAE04EC0-301F-11D3-BF4B-00C04F79EFBC}") = "MicroTimerWinFormsDemo", "MicroTimerWinFormsDemo\MicroTimerWinFormsDemo.csproj", "{6BEF2DA1-0B43-4573-963A-3693970BC99F}"
EndProject
Project("{FAE04EC0-301F-11D3-BF4B-00C04F79EFBC}") = "SolversTest", "SolversTest\SolversTest.csproj", "{5371E81D-0075-4B26-A3F2-D17C85F5A4E5}"
EndProject
Project("{FAE04EC0-301F-11D3-BF4B-00C04F79EFBC}") = "JVector", "JVector\JVector.csproj", "{7206C2B1-E7F1-42AD-A346-1D9FB933E5C2}"
EndProject
Global
	GlobalSection(SolutionConfigurationPlatforms) = preSolution
		Debug|Any CPU = Debug|Any CPU
		Debug|x86 = Debug|x86
		Release|Any CPU = Release|Any CPU
		Release|x86 = Release|x86
	EndGlobalSection
	GlobalSection(ProjectConfigurationPlatforms) = postSolution
		{687FC768-AD47-4A82-AEA7-B1006C01576F}.Debug|Any CPU.ActiveCfg = Debug|Any CPU
		{687FC768-AD47-4A82-AEA7-B1006C01576F}.Debug|Any CPU.Build.0 = Debug|Any CPU
		{687FC768-AD47-4A82-AEA7-B1006C01576F}.Debug|x86.ActiveCfg = Debug|Any CPU
		{687FC768-AD47-4A82-AEA7-B1006C01576F}.Debug|x86.Build.0 = Debug|Any CPU
		{687FC768-AD47-4A82-AEA7-B1006C01576F}.Release|Any CPU.ActiveCfg = Release|Any CPU
		{687FC768-AD47-4A82-AEA7-B1006C01576F}.Release|Any CPU.Build.0 = Release|Any CPU
		{687FC768-AD47-4A82-AEA7-B1006C01576F}.Release|x86.ActiveCfg = Release|Any CPU
		{687FC768-AD47-4A82-AEA7-B1006C01576F}.Release|x86.Build.0 = Release|Any CPU
		{FDD9ADAC-ED62-494E-B91D-6D8F41A5E6BD}.Debug|Any CPU.ActiveCfg = Debug|Any CPU
		{FDD9ADAC-ED62-494E-B91D-6D8F41A5E6BD}.Debug|Any CPU.Build.0 = Debug|Any CPU
		{FDD9ADAC-ED62-494E-B91D-6D8F41A5E6BD}.Debug|x86.ActiveCfg = Debug|Any CPU
		{FDD9ADAC-ED62-494E-B91D-6D8F41A5E6BD}.Debug|x86.Build.0 = Debug|Any CPU
		{FDD9ADAC-ED62-494E-B91D-6D8F41A5E6BD}.Release|Any CPU.ActiveCfg = Release|Any CPU
		{FDD9ADAC-ED62-494E-B91D-6D8F41A5E6BD}.Release|Any CPU.Build.0 = Release|Any CPU
		{FDD9ADAC-ED62-494E-B91D-6D8F41A5E6BD}.Release|x86.ActiveCfg = Release|Any CPU
		{FDD9ADAC-ED62-494E-B91D-6D8F41A5E6BD}.Release|x86.Build.0 = Release|Any CPU
		{6BEF2DA1-0B43-4573-963A-3693970BC99F}.Debug|Any CPU.ActiveCfg = Debug|x86
		{6BEF2DA1-0B43-4573-963A-3693970BC99F}.Debug|x86.ActiveCfg = Debug|x86
		{6BEF2DA1-0B43-4573-963A-3693970BC99F}.Debug|x86.Build.0 = Debug|x86
		{6BEF2DA1-0B43-4573-963A-3693970BC99F}.Release|Any CPU.ActiveCfg = Release|x86
		{6BEF2DA1-0B43-4573-963A-3693970BC99F}.Release|x86.ActiveCfg = Release|x86
		{6BEF2DA1-0B43-4573-963A-3693970BC99F}.Release|x86.Build.0 = Release|x86
		{5371E81D-0075-4B26-A3F2-D17C85F5A4E5}.Debug|Any CPU.ActiveCfg = Debug|Any CPU
		{5371E81D-0075-4B26-A3F2-D17C85F5A4E5}.Debug|Any CPU.Build.0 = Debug|Any CPU
		{5371E81D-0075-4B26-A3F2-D17C85F5A4E5}.Debug|x86.ActiveCfg = Debug|Any CPU
		{5371E81D-0075-4B26-A3F2-D17C85F5A4E5}.Debug|x86.Build.0 = Debug|Any CPU
		{5371E81D-0075-4B26-A3F2-D17C85F5A4E5}.Release|Any CPU.ActiveCfg = Release|Any CPU
		{5371E81D-0075-4B26-A3F2-D17C85F5A4E5}.Release|Any CPU.Build.0 = Release|Any CPU
		{5371E81D-0075-4B26-A3F2-D17C85F5A4E5}.Release|x86.ActiveCfg = Release|Any CPU
		{5371E81D-0075-4B26-A3F2-D17C85F5A4E5}.Release|x86.Build.0 = Release|Any CPU
		{7206C2B1-E7F1-42AD-A346-1D9FB933E5C2}.Debug|Any CPU.ActiveCfg = Debug|Any CPU
		{7206C2B1-E7F1-42AD-A346-1D9FB933E5C2}.Debug|Any CPU.Build.0 = Debug|Any CPU
		{7206C2B1-E7F1-42AD-A346-1D9FB933E5C2}.Debug|x86.ActiveCfg = Debug|Any CPU
		{7206C2B1-E7F1-42AD-A346-1D9FB933E5C2}.Debug|x86.Build.0 = Debug|Any CPU
		{7206C2B1-E7F1-42AD-A346-1D9FB933E5C2}.Release|Any CPU.ActiveCfg = Release|Any CPU
		{7206C2B1-E7F1-42AD-A346-1D9FB933E5C2}.Release|Any CPU.Build.0 = Release|Any CPU
		{7206C2B1-E7F1-42AD-A346-1D9FB933E5C2}.Release|x86.ActiveCfg = Release|Any CPU
		{7206C2B1-E7F1-42AD-A346-1D9FB933E5C2}.Release|x86.Build.0 = Release|Any CPU
	EndGlobalSection
	GlobalSection(SolutionProperties) = preSolution
		HideSolutionNode = FALSE
	EndGlobalSection
EndGlobal
